
Microsoft Visual Studio Solution File, Format Version 12.00
# Visual Studio 15
VisualStudioVersion = 15.0.28124.53
MinimumVisualStudioVersion = 10.0.40219.1
Project("{8BC9CEB8-8B4A-11D0-8D11-00A0C91BC942}") = "math_fractions", "math_fractions\math_fractions.vcxproj", "{EF591318-2189-471B-8B29-6CA67E92AEE9}"
EndProject
Global
	GlobalSection(SolutionConfigurationPlatforms) = preSolution
		Debug|x64 = Debug|x64
		Debug|x86 = Debug|x86
		Release|x64 = Release|x64
		Release|x86 = Release|x86
	EndGlobalSection
	GlobalSection(ProjectConfigurationPlatforms) = postSolution
		{EF591318-2189-471B-8B29-6CA67E92AEE9}.Debug|x64.ActiveCfg = Debug|x64
		{EF591318-2189-471B-8B29-6CA67E92AEE9}.Debug|x64.Build.0 = Debug|x64
		{EF591318-2189-471B-8B29-6CA67E92AEE9}.Debug|x86.ActiveCfg = Debug|Win32
		{EF591318-2189-471B-8B29-6CA67E92AEE9}.Debug|x86.Build.0 = Debug|Win32
		{EF591318-2189-471B-8B29-6CA67E92AEE9}.Release|x64.ActiveCfg = Release|x64
		{EF591318-2189-471B-8B29-6CA67E92AEE9}.Release|x64.Build.0 = Release|x64
		{EF591318-2189-471B-8B29-6CA67E92AEE9}.Release|x86.ActiveCfg = Release|Win32
		{EF591318-2189-471B-8B29-6CA67E92AEE9}.Release|x86.Build.0 = Release|Win32
	EndGlobalSection
	GlobalSection(SolutionProperties) = preSolution
		HideSolutionNode = FALSE
	EndGlobalSection
	GlobalSection(ExtensibilityGlobals) = postSolution
		SolutionGuid = {EFA19E7A-C804-46F7-8A9B-32DE5D1D941D}
	EndGlobalSection
EndGlobal
